// !$*UTF8*$!
{
	archiveVersion = 1;
	classes = {
	};
	objectVersion = 46;
	objects = {

/* Begin PBXBuildFile section */
		043816C41EA0ED760002E22C /* PurseViewController.swift in Sources */ = {isa = PBXBuildFile; fileRef = 043816C31EA0ED760002E22C /* PurseViewController.swift */; };
		044027441E9D2DB900C5E030 /* AppDelegate.swift in Sources */ = {isa = PBXBuildFile; fileRef = 044027431E9D2DB900C5E030 /* AppDelegate.swift */; };
		044027461E9D2DB900C5E030 /* MapViewController.swift in Sources */ = {isa = PBXBuildFile; fileRef = 044027451E9D2DB900C5E030 /* MapViewController.swift */; };
		044027491E9D2DB900C5E030 /* Main.storyboard in Resources */ = {isa = PBXBuildFile; fileRef = 044027471E9D2DB900C5E030 /* Main.storyboard */; };
		0440274B1E9D2DB900C5E030 /* Assets.xcassets in Resources */ = {isa = PBXBuildFile; fileRef = 0440274A1E9D2DB900C5E030 /* Assets.xcassets */; };
		0440274E1E9D2DB900C5E030 /* LaunchScreen.storyboard in Resources */ = {isa = PBXBuildFile; fileRef = 0440274C1E9D2DB900C5E030 /* LaunchScreen.storyboard */; };
		044027571E9D303900C5E030 /* BaseViewController.swift in Sources */ = {isa = PBXBuildFile; fileRef = 044027551E9D303900C5E030 /* BaseViewController.swift */; };
		044027581E9D303900C5E030 /* MenuViewController.swift in Sources */ = {isa = PBXBuildFile; fileRef = 044027561E9D303900C5E030 /* MenuViewController.swift */; };
		0440275A1E9DCFD900C5E030 /* ListViewController.swift in Sources */ = {isa = PBXBuildFile; fileRef = 044027591E9DCFD900C5E030 /* ListViewController.swift */; };
		0440275C1E9DDFA600C5E030 /* CustomListCell.swift in Sources */ = {isa = PBXBuildFile; fileRef = 0440275B1E9DDFA600C5E030 /* CustomListCell.swift */; };
		0487CBA81EAFBB7700CAB025 /* ServiceViewController.swift in Sources */ = {isa = PBXBuildFile; fileRef = 0487CBA71EAFBB7700CAB025 /* ServiceViewController.swift */; };
		0487CBAB1EAFBB9000CAB025 /* CollectionViewController.swift in Sources */ = {isa = PBXBuildFile; fileRef = 0487CBAA1EAFBB9000CAB025 /* CollectionViewController.swift */; };
		0487CBAE1EAFBC3200CAB025 /* LogInViewController.swift in Sources */ = {isa = PBXBuildFile; fileRef = 0487CBAD1EAFBC3200CAB025 /* LogInViewController.swift */; };
		0499FAE31EA8B4740082ADB8 /* CustomCarCell.swift in Sources */ = {isa = PBXBuildFile; fileRef = 0499FAE21EA8B4740082ADB8 /* CustomCarCell.swift */; };
		0499FAE51EA8BA4F0082ADB8 /* CarViewController.swift in Sources */ = {isa = PBXBuildFile; fileRef = 0499FAE41EA8BA4F0082ADB8 /* CarViewController.swift */; };
		04A2C8761EA7B4AA00BD7E3A /* SettingViewController.swift in Sources */ = {isa = PBXBuildFile; fileRef = 04A2C8751EA7B4AA00BD7E3A /* SettingViewController.swift */; };
		04B2EC2D1EAC7E1B00068A4B /* AddCarViewController.swift in Sources */ = {isa = PBXBuildFile; fileRef = 04B2EC2C1EAC7E1B00068A4B /* AddCarViewController.swift */; };
		6F934C7C52B29A586587FAB4 /* Pods_shareiOS.framework in Frameworks */ = {isa = PBXBuildFile; fileRef = 458ABCE19289D5298D0C7FBF /* Pods_shareiOS.framework */; };
/* End PBXBuildFile section */

/* Begin PBXFileReference section */
		043816C31EA0ED760002E22C /* PurseViewController.swift */ = {isa = PBXFileReference; fileEncoding = 4; lastKnownFileType = sourcecode.swift; path = PurseViewController.swift; sourceTree = "<group>"; };
		044027401E9D2DB900C5E030 /* shareiOS.app */ = {isa = PBXFileReference; explicitFileType = wrapper.application; includeInIndex = 0; path = shareiOS.app; sourceTree = BUILT_PRODUCTS_DIR; };
		044027431E9D2DB900C5E030 /* AppDelegate.swift */ = {isa = PBXFileReference; lastKnownFileType = sourcecode.swift; path = AppDelegate.swift; sourceTree = "<group>"; };
		044027451E9D2DB900C5E030 /* MapViewController.swift */ = {isa = PBXFileReference; lastKnownFileType = sourcecode.swift; path = MapViewController.swift; sourceTree = "<group>"; };
		044027481E9D2DB900C5E030 /* Base */ = {isa = PBXFileReference; lastKnownFileType = file.storyboard; name = Base; path = Base.lproj/Main.storyboard; sourceTree = "<group>"; };
		0440274A1E9D2DB900C5E030 /* Assets.xcassets */ = {isa = PBXFileReference; lastKnownFileType = folder.assetcatalog; path = Assets.xcassets; sourceTree = "<group>"; };
		0440274D1E9D2DB900C5E030 /* Base */ = {isa = PBXFileReference; lastKnownFileType = file.storyboard; name = Base; path = Base.lproj/LaunchScreen.storyboard; sourceTree = "<group>"; };
		0440274F1E9D2DB900C5E030 /* Info.plist */ = {isa = PBXFileReference; lastKnownFileType = text.plist.xml; path = Info.plist; sourceTree = "<group>"; };
		044027551E9D303900C5E030 /* BaseViewController.swift */ = {isa = PBXFileReference; fileEncoding = 4; lastKnownFileType = sourcecode.swift; path = BaseViewController.swift; sourceTree = "<group>"; };
		044027561E9D303900C5E030 /* MenuViewController.swift */ = {isa = PBXFileReference; fileEncoding = 4; lastKnownFileType = sourcecode.swift; path = MenuViewController.swift; sourceTree = "<group>"; };
		044027591E9DCFD900C5E030 /* ListViewController.swift */ = {isa = PBXFileReference; fileEncoding = 4; lastKnownFileType = sourcecode.swift; path = ListViewController.swift; sourceTree = "<group>"; };
		0440275B1E9DDFA600C5E030 /* CustomListCell.swift */ = {isa = PBXFileReference; fileEncoding = 4; lastKnownFileType = sourcecode.swift; path = CustomListCell.swift; sourceTree = "<group>"; };
		0487CBA71EAFBB7700CAB025 /* ServiceViewController.swift */ = {isa = PBXFileReference; fileEncoding = 4; lastKnownFileType = sourcecode.swift; path = ServiceViewController.swift; sourceTree = "<group>"; };
		0487CBAA1EAFBB9000CAB025 /* CollectionViewController.swift */ = {isa = PBXFileReference; fileEncoding = 4; lastKnownFileType = sourcecode.swift; path = CollectionViewController.swift; sourceTree = "<group>"; };
		0487CBAD1EAFBC3200CAB025 /* LogInViewController.swift */ = {isa = PBXFileReference; fileEncoding = 4; lastKnownFileType = sourcecode.swift; path = LogInViewController.swift; sourceTree = "<group>"; };
		0499FAE21EA8B4740082ADB8 /* CustomCarCell.swift */ = {isa = PBXFileReference; fileEncoding = 4; lastKnownFileType = sourcecode.swift; path = CustomCarCell.swift; sourceTree = "<group>"; };
		0499FAE41EA8BA4F0082ADB8 /* CarViewController.swift */ = {isa = PBXFileReference; fileEncoding = 4; lastKnownFileType = sourcecode.swift; path = CarViewController.swift; sourceTree = "<group>"; };
		04A2C8751EA7B4AA00BD7E3A /* SettingViewController.swift */ = {isa = PBXFileReference; fileEncoding = 4; lastKnownFileType = sourcecode.swift; path = SettingViewController.swift; sourceTree = "<group>"; };
		04B2EC2C1EAC7E1B00068A4B /* AddCarViewController.swift */ = {isa = PBXFileReference; fileEncoding = 4; lastKnownFileType = sourcecode.swift; path = AddCarViewController.swift; sourceTree = "<group>"; };
		0FAD21F3A3FAAE01880536B0 /* Pods-shareiOS.debug.xcconfig */ = {isa = PBXFileReference; includeInIndex = 1; lastKnownFileType = text.xcconfig; name = "Pods-shareiOS.debug.xcconfig"; path = "Pods/Target Support Files/Pods-shareiOS/Pods-shareiOS.debug.xcconfig"; sourceTree = "<group>"; };
		458ABCE19289D5298D0C7FBF /* Pods_shareiOS.framework */ = {isa = PBXFileReference; explicitFileType = wrapper.framework; includeInIndex = 0; path = Pods_shareiOS.framework; sourceTree = BUILT_PRODUCTS_DIR; };
		B943FCAFE3394A00B1AC83E0 /* Pods-shareiOS.release.xcconfig */ = {isa = PBXFileReference; includeInIndex = 1; lastKnownFileType = text.xcconfig; name = "Pods-shareiOS.release.xcconfig"; path = "Pods/Target Support Files/Pods-shareiOS/Pods-shareiOS.release.xcconfig"; sourceTree = "<group>"; };
/* End PBXFileReference section */

/* Begin PBXFrameworksBuildPhase section */
		0440273D1E9D2DB900C5E030 /* Frameworks */ = {
			isa = PBXFrameworksBuildPhase;
			buildActionMask = 2147483647;
			files = (
				6F934C7C52B29A586587FAB4 /* Pods_shareiOS.framework in Frameworks */,
			);
			runOnlyForDeploymentPostprocessing = 0;
		};
/* End PBXFrameworksBuildPhase section */

/* Begin PBXGroup section */
		044027371E9D2DB900C5E030 = {
			isa = PBXGroup;
			children = (
				044027421E9D2DB900C5E030 /* shareiOS */,
				044027411E9D2DB900C5E030 /* Products */,
				B32F89B75EF5BEF7667F2CAC /* Pods */,
				C17EEEDFF6DB75AED1880DEE /* Frameworks */,
			);
			sourceTree = "<group>";
		};
		044027411E9D2DB900C5E030 /* Products */ = {
			isa = PBXGroup;
			children = (
				044027401E9D2DB900C5E030 /* shareiOS.app */,
			);
			name = Products;
			sourceTree = "<group>";
		};
		044027421E9D2DB900C5E030 /* shareiOS */ = {
			isa = PBXGroup;
			children = (
				044027431E9D2DB900C5E030 /* AppDelegate.swift */,
				044027471E9D2DB900C5E030 /* Main.storyboard */,
				0440274A1E9D2DB900C5E030 /* Assets.xcassets */,
				0487CBAD1EAFBC3200CAB025 /* LogInViewController.swift */,
				0487CBA21EAFBB1B00CAB025 /* Map */,
				0487CBA31EAFBB3200CAB025 /* List */,
				0487CBA41EAFBB4000CAB025 /* Purse */,
				0487CBA51EAFBB4B00CAB025 /* Car */,
				0487CBAC1EAFBB9400CAB025 /* Collection */,
				0487CBA91EAFBB7B00CAB025 /* Service */,
				0487CBA61EAFBB5900CAB025 /* Setting */,
				0440274C1E9D2DB900C5E030 /* LaunchScreen.storyboard */,
				0440274F1E9D2DB900C5E030 /* Info.plist */,
			);
			path = shareiOS;
			sourceTree = "<group>";
		};
		0487CBA21EAFBB1B00CAB025 /* Map */ = {
			isa = PBXGroup;
			children = (
				044027561E9D303900C5E030 /* MenuViewController.swift */,
				044027551E9D303900C5E030 /* BaseViewController.swift */,
				044027451E9D2DB900C5E030 /* MapViewController.swift */,
			);
			name = Map;
			sourceTree = "<group>";
		};
		0487CBA31EAFBB3200CAB025 /* List */ = {
			isa = PBXGroup;
			children = (
				044027591E9DCFD900C5E030 /* ListViewController.swift */,
				0440275B1E9DDFA600C5E030 /* CustomListCell.swift */,
			);
			name = List;
			sourceTree = "<group>";
		};
		0487CBA41EAFBB4000CAB025 /* Purse */ = {
			isa = PBXGroup;
			children = (
				043816C31EA0ED760002E22C /* PurseViewController.swift */,
			);
			name = Purse;
			sourceTree = "<group>";
		};
		0487CBA51EAFBB4B00CAB025 /* Car */ = {
			isa = PBXGroup;
			children = (
				0499FAE21EA8B4740082ADB8 /* CustomCarCell.swift */,
				0499FAE41EA8BA4F0082ADB8 /* CarViewController.swift */,
				04B2EC2C1EAC7E1B00068A4B /* AddCarViewController.swift */,
			);
			name = Car;
			sourceTree = "<group>";
		};
		0487CBA61EAFBB5900CAB025 /* Setting */ = {
			isa = PBXGroup;
			children = (
				04A2C8751EA7B4AA00BD7E3A /* SettingViewController.swift */,
			);
			name = Setting;
			sourceTree = "<group>";
		};
		0487CBA91EAFBB7B00CAB025 /* Service */ = {
			isa = PBXGroup;
			children = (
				0487CBA71EAFBB7700CAB025 /* ServiceViewController.swift */,
			);
			name = Service;
			sourceTree = "<group>";
		};
		0487CBAC1EAFBB9400CAB025 /* Collection */ = {
			isa = PBXGroup;
			children = (
				0487CBAA1EAFBB9000CAB025 /* CollectionViewController.swift */,
			);
			name = Collection;
			sourceTree = "<group>";
		};
		B32F89B75EF5BEF7667F2CAC /* Pods */ = {
			isa = PBXGroup;
			children = (
				0FAD21F3A3FAAE01880536B0 /* Pods-shareiOS.debug.xcconfig */,
				B943FCAFE3394A00B1AC83E0 /* Pods-shareiOS.release.xcconfig */,
			);
			name = Pods;
			sourceTree = "<group>";
		};
		C17EEEDFF6DB75AED1880DEE /* Frameworks */ = {
			isa = PBXGroup;
			children = (
				458ABCE19289D5298D0C7FBF /* Pods_shareiOS.framework */,
			);
			name = Frameworks;
			sourceTree = "<group>";
		};
/* End PBXGroup section */

/* Begin PBXNativeTarget section */
		0440273F1E9D2DB900C5E030 /* shareiOS */ = {
			isa = PBXNativeTarget;
			buildConfigurationList = 044027521E9D2DB900C5E030 /* Build configuration list for PBXNativeTarget "shareiOS" */;
			buildPhases = (
				C09DB2C5CBECBA4BE3B4CF95 /* [CP] Check Pods Manifest.lock */,
				0440273C1E9D2DB900C5E030 /* Sources */,
				0440273D1E9D2DB900C5E030 /* Frameworks */,
				0440273E1E9D2DB900C5E030 /* Resources */,
				C2254E55B0C71AEA731FA4FA /* [CP] Embed Pods Frameworks */,
				E3BCCC628FA02F7AC89631DA /* [CP] Copy Pods Resources */,
			);
			buildRules = (
			);
			dependencies = (
			);
			name = shareiOS;
			productName = shareiOS;
			productReference = 044027401E9D2DB900C5E030 /* shareiOS.app */;
			productType = "com.apple.product-type.application";
		};
/* End PBXNativeTarget section */

/* Begin PBXProject section */
		044027381E9D2DB900C5E030 /* Project object */ = {
			isa = PBXProject;
			attributes = {
				LastSwiftUpdateCheck = 0830;
				LastUpgradeCheck = 0830;
				ORGANIZATIONNAME = Mac;
				TargetAttributes = {
					0440273F1E9D2DB900C5E030 = {
						CreatedOnToolsVersion = 8.3;
						DevelopmentTeam = VJGEDW5SA9;
						ProvisioningStyle = Automatic;
					};
				};
			};
			buildConfigurationList = 0440273B1E9D2DB900C5E030 /* Build configuration list for PBXProject "shareiOS" */;
			compatibilityVersion = "Xcode 3.2";
			developmentRegion = English;
			hasScannedForEncodings = 0;
			knownRegions = (
				en,
				Base,
			);
			mainGroup = 044027371E9D2DB900C5E030;
			productRefGroup = 044027411E9D2DB900C5E030 /* Products */;
			projectDirPath = "";
			projectRoot = "";
			targets = (
				0440273F1E9D2DB900C5E030 /* shareiOS */,
			);
		};
/* End PBXProject section */

/* Begin PBXResourcesBuildPhase section */
		0440273E1E9D2DB900C5E030 /* Resources */ = {
			isa = PBXResourcesBuildPhase;
			buildActionMask = 2147483647;
			files = (
				0440274E1E9D2DB900C5E030 /* LaunchScreen.storyboard in Resources */,
				0440274B1E9D2DB900C5E030 /* Assets.xcassets in Resources */,
				044027491E9D2DB900C5E030 /* Main.storyboard in Resources */,
			);
			runOnlyForDeploymentPostprocessing = 0;
		};
/* End PBXResourcesBuildPhase section */

/* Begin PBXShellScriptBuildPhase section */
		C09DB2C5CBECBA4BE3B4CF95 /* [CP] Check Pods Manifest.lock */ = {
			isa = PBXShellScriptBuildPhase;
			buildActionMask = 2147483647;
			files = (
			);
			inputPaths = (
			);
			name = "[CP] Check Pods Manifest.lock";
			outputPaths = (
			);
			runOnlyForDeploymentPostprocessing = 0;
			shellPath = /bin/sh;
			shellScript = "diff \"${PODS_ROOT}/../Podfile.lock\" \"${PODS_ROOT}/Manifest.lock\" > /dev/null\nif [ $? != 0 ] ; then\n    # print error to STDERR\n    echo \"error: The sandbox is not in sync with the Podfile.lock. Run 'pod install' or update your CocoaPods installation.\" >&2\n    exit 1\nfi\n";
			showEnvVarsInLog = 0;
		};
		C2254E55B0C71AEA731FA4FA /* [CP] Embed Pods Frameworks */ = {
			isa = PBXShellScriptBuildPhase;
			buildActionMask = 2147483647;
			files = (
			);
			inputPaths = (
			);
			name = "[CP] Embed Pods Frameworks";
			outputPaths = (
			);
			runOnlyForDeploymentPostprocessing = 0;
			shellPath = /bin/sh;
			shellScript = "\"${SRCROOT}/Pods/Target Support Files/Pods-shareiOS/Pods-shareiOS-frameworks.sh\"\n";
			showEnvVarsInLog = 0;
		};
		E3BCCC628FA02F7AC89631DA /* [CP] Copy Pods Resources */ = {
			isa = PBXShellScriptBuildPhase;
			buildActionMask = 2147483647;
			files = (
			);
			inputPaths = (
			);
			name = "[CP] Copy Pods Resources";
			outputPaths = (
			);
			runOnlyForDeploymentPostprocessing = 0;
			shellPath = /bin/sh;
			shellScript = "\"${SRCROOT}/Pods/Target Support Files/Pods-shareiOS/Pods-shareiOS-resources.sh\"\n";
			showEnvVarsInLog = 0;
		};
/* End PBXShellScriptBuildPhase section */

/* Begin PBXSourcesBuildPhase section */
		0440273C1E9D2DB900C5E030 /* Sources */ = {
			isa = PBXSourcesBuildPhase;
			buildActionMask = 2147483647;
			files = (
				0487CBAB1EAFBB9000CAB025 /* CollectionViewController.swift in Sources */,
				044027461E9D2DB900C5E030 /* MapViewController.swift in Sources */,
				044027441E9D2DB900C5E030 /* AppDelegate.swift in Sources */,
				0487CBA81EAFBB7700CAB025 /* ServiceViewController.swift in Sources */,
				043816C41EA0ED760002E22C /* PurseViewController.swift in Sources */,
				04A2C8761EA7B4AA00BD7E3A /* SettingViewController.swift in Sources */,
				0440275C1E9DDFA600C5E030 /* CustomListCell.swift in Sources */,
				04B2EC2D1EAC7E1B00068A4B /* AddCarViewController.swift in Sources */,
				0499FAE51EA8BA4F0082ADB8 /* CarViewController.swift in Sources */,
				044027571E9D303900C5E030 /* BaseViewController.swift in Sources */,
				0487CBAE1EAFBC3200CAB025 /* LogInViewController.swift in Sources */,
				0499FAE31EA8B4740082ADB8 /* CustomCarCell.swift in Sources */,
				0440275A1E9DCFD900C5E030 /* ListViewController.swift in Sources */,
				044027581E9D303900C5E030 /* MenuViewController.swift in Sources */,
			);
			runOnlyForDeploymentPostprocessing = 0;
		};
/* End PBXSourcesBuildPhase section */

/* Begin PBXVariantGroup section */
		044027471E9D2DB900C5E030 /* Main.storyboard */ = {
			isa = PBXVariantGroup;
			children = (
				044027481E9D2DB900C5E030 /* Base */,
			);
			name = Main.storyboard;
			sourceTree = "<group>";
		};
		0440274C1E9D2DB900C5E030 /* LaunchScreen.storyboard */ = {
			isa = PBXVariantGroup;
			children = (
				0440274D1E9D2DB900C5E030 /* Base */,
			);
			name = LaunchScreen.storyboard;
			sourceTree = "<group>";
		};
/* End PBXVariantGroup section */

/* Begin XCBuildConfiguration section */
		044027501E9D2DB900C5E030 /* Debug */ = {
			isa = XCBuildConfiguration;
			buildSettings = {
				ALWAYS_SEARCH_USER_PATHS = NO;
				CLANG_ANALYZER_NONNULL = YES;
				CLANG_ANALYZER_NUMBER_OBJECT_CONVERSION = YES_AGGRESSIVE;
				CLANG_CXX_LANGUAGE_STANDARD = "gnu++0x";
				CLANG_CXX_LIBRARY = "libc++";
				CLANG_ENABLE_MODULES = YES;
				CLANG_ENABLE_OBJC_ARC = YES;
				CLANG_WARN_BOOL_CONVERSION = YES;
				CLANG_WARN_CONSTANT_CONVERSION = YES;
				CLANG_WARN_DIRECT_OBJC_ISA_USAGE = YES_ERROR;
				CLANG_WARN_DOCUMENTATION_COMMENTS = YES;
				CLANG_WARN_EMPTY_BODY = YES;
				CLANG_WARN_ENUM_CONVERSION = YES;
				CLANG_WARN_INFINITE_RECURSION = YES;
				CLANG_WARN_INT_CONVERSION = YES;
				CLANG_WARN_OBJC_ROOT_CLASS = YES_ERROR;
				CLANG_WARN_SUSPICIOUS_MOVE = YES;
				CLANG_WARN_UNREACHABLE_CODE = YES;
				CLANG_WARN__DUPLICATE_METHOD_MATCH = YES;
				"CODE_SIGN_IDENTITY[sdk=iphoneos*]" = "iPhone Developer";
				COPY_PHASE_STRIP = NO;
				DEBUG_INFORMATION_FORMAT = dwarf;
				ENABLE_STRICT_OBJC_MSGSEND = YES;
				ENABLE_TESTABILITY = YES;
				GCC_C_LANGUAGE_STANDARD = gnu99;
				GCC_DYNAMIC_NO_PIC = NO;
				GCC_NO_COMMON_BLOCKS = YES;
				GCC_OPTIMIZATION_LEVEL = 0;
				GCC_PREPROCESSOR_DEFINITIONS = (
					"DEBUG=1",
					"$(inherited)",
				);
				GCC_WARN_64_TO_32_BIT_CONVERSION = YES;
				GCC_WARN_ABOUT_RETURN_TYPE = YES_ERROR;
				GCC_WARN_UNDECLARED_SELECTOR = YES;
				GCC_WARN_UNINITIALIZED_AUTOS = YES_AGGRESSIVE;
				GCC_WARN_UNUSED_FUNCTION = YES;
				GCC_WARN_UNUSED_VARIABLE = YES;
				IPHONEOS_DEPLOYMENT_TARGET = 10.3;
				MTL_ENABLE_DEBUG_INFO = YES;
				ONLY_ACTIVE_ARCH = YES;
				SDKROOT = iphoneos;
				SWIFT_ACTIVE_COMPILATION_CONDITIONS = DEBUG;
				SWIFT_OPTIMIZATION_LEVEL = "-Onone";
				TARGETED_DEVICE_FAMILY = "1,2";
			};
			name = Debug;
		};
		044027511E9D2DB900C5E030 /* Release */ = {
			isa = XCBuildConfiguration;
			buildSettings = {
				ALWAYS_SEARCH_USER_PATHS = NO;
				CLANG_ANALYZER_NONNULL = YES;
				CLANG_ANALYZER_NUMBER_OBJECT_CONVERSION = YES_AGGRESSIVE;
				CLANG_CXX_LANGUAGE_STANDARD = "gnu++0x";
				CLANG_CXX_LIBRARY = "libc++";
				CLANG_ENABLE_MODULES = YES;
				CLANG_ENABLE_OBJC_ARC = YES;
				CLANG_WARN_BOOL_CONVERSION = YES;
				CLANG_WARN_CONSTANT_CONVERSION = YES;
				CLANG_WARN_DIRECT_OBJC_ISA_USAGE = YES_ERROR;
				CLANG_WARN_DOCUMENTATION_COMMENTS = YES;
				CLANG_WARN_EMPTY_BODY = YES;
				CLANG_WARN_ENUM_CONVERSION = YES;
				CLANG_WARN_INFINITE_RECURSION = YES;
				CLANG_WARN_INT_CONVERSION = YES;
				CLANG_WARN_OBJC_ROOT_CLASS = YES_ERROR;
				CLANG_WARN_SUSPICIOUS_MOVE = YES;
				CLANG_WARN_UNREACHABLE_CODE = YES;
				CLANG_WARN__DUPLICATE_METHOD_MATCH = YES;
				"CODE_SIGN_IDENTITY[sdk=iphoneos*]" = "iPhone Developer";
				COPY_PHASE_STRIP = NO;
				DEBUG_INFORMATION_FORMAT = "dwarf-with-dsym";
				ENABLE_NS_ASSERTIONS = NO;
				ENABLE_STRICT_OBJC_MSGSEND = YES;
				GCC_C_LANGUAGE_STANDARD = gnu99;
				GCC_NO_COMMON_BLOCKS = YES;
				GCC_WARN_64_TO_32_BIT_CONVERSION = YES;
				GCC_WARN_ABOUT_RETURN_TYPE = YES_ERROR;
				GCC_WARN_UNDECLARED_SELECTOR = YES;
				GCC_WARN_UNINITIALIZED_AUTOS = YES_AGGRESSIVE;
				GCC_WARN_UNUSED_FUNCTION = YES;
				GCC_WARN_UNUSED_VARIABLE = YES;
				IPHONEOS_DEPLOYMENT_TARGET = 10.3;
				MTL_ENABLE_DEBUG_INFO = NO;
				SDKROOT = iphoneos;
				SWIFT_OPTIMIZATION_LEVEL = "-Owholemodule";
				TARGETED_DEVICE_FAMILY = "1,2";
				VALIDATE_PRODUCT = YES;
			};
			name = Release;
		};
		044027531E9D2DB900C5E030 /* Debug */ = {
			isa = XCBuildConfiguration;
			baseConfigurationReference = 0FAD21F3A3FAAE01880536B0 /* Pods-shareiOS.debug.xcconfig */;
			buildSettings = {
				ASSETCATALOG_COMPILER_APPICON_NAME = AppIcon;
				DEVELOPMENT_TEAM = VJGEDW5SA9;
				INFOPLIST_FILE = shareiOS/Info.plist;
				LD_RUNPATH_SEARCH_PATHS = "$(inherited) @executable_path/Frameworks";
				PRODUCT_BUNDLE_IDENTIFIER = com.sunnylee945.shareiOS;
				PRODUCT_NAME = "$(TARGET_NAME)";
				SWIFT_VERSION = 3.0;
			};
			name = Debug;
		};
		044027541E9D2DB900C5E030 /* Release */ = {
			isa = XCBuildConfiguration;
			baseConfigurationReference = B943FCAFE3394A00B1AC83E0 /* Pods-shareiOS.release.xcconfig */;
			buildSettings = {
				ASSETCATALOG_COMPILER_APPICON_NAME = AppIcon;
				DEVELOPMENT_TEAM = VJGEDW5SA9;
				INFOPLIST_FILE = shareiOS/Info.plist;
				LD_RUNPATH_SEARCH_PATHS = "$(inherited) @executable_path/Frameworks";
				PRODUCT_BUNDLE_IDENTIFIER = com.sunnylee945.shareiOS;
				PRODUCT_NAME = "$(TARGET_NAME)";
				SWIFT_VERSION = 3.0;
			};
			name = Release;
		};
/* End XCBuildConfiguration section */

/* Begin XCConfigurationList section */
		0440273B1E9D2DB900C5E030 /* Build configuration list for PBXProject "shareiOS" */ = {
			isa = XCConfigurationList;
			buildConfigurations = (
				044027501E9D2DB900C5E030 /* Debug */,
				044027511E9D2DB900C5E030 /* Release */,
			);
			defaultConfigurationIsVisible = 0;
			defaultConfigurationName = Release;
		};
		044027521E9D2DB900C5E030 /* Build configuration list for PBXNativeTarget "shareiOS" */ = {
			isa = XCConfigurationList;
			buildConfigurations = (
				044027531E9D2DB900C5E030 /* Debug */,
				044027541E9D2DB900C5E030 /* Release */,
			);
			defaultConfigurationIsVisible = 0;
			defaultConfigurationName = Release;
		};
/* End XCConfigurationList section */
	};
	rootObject = 044027381E9D2DB900C5E030 /* Project object */;
}
